// !$*UTF8*$!
{
	archiveVersion = 1;
	classes = {
	};
	objectVersion = 56;
	objects = {

/* Begin PBXBuildFile section */
		FC0E794329D6EBB200293D66 /* LocationDataProvider.swift in Sources */ = {isa = PBXBuildFile; fileRef = FC0E794229D6EBB200293D66 /* LocationDataProvider.swift */; };
		FC0E794529D6EC8400293D66 /* Character.swift in Sources */ = {isa = PBXBuildFile; fileRef = FC0E794429D6EC8400293D66 /* Character.swift */; };
		FC692AD129D95AEA0047D3E2 /* LocationsList.swift in Sources */ = {isa = PBXBuildFile; fileRef = FC692AD029D95AEA0047D3E2 /* LocationsList.swift */; };
		FC692AD329D95C200047D3E2 /* LocationApiClient.swift in Sources */ = {isa = PBXBuildFile; fileRef = FC692AD229D95C200047D3E2 /* LocationApiClient.swift */; };
		FC692AD529D95FE80047D3E2 /* LocationViewController.swift in Sources */ = {isa = PBXBuildFile; fileRef = FC692AD429D95FE80047D3E2 /* LocationViewController.swift */; };
		FC692AD729D960680047D3E2 /* LocationAssembly.swift in Sources */ = {isa = PBXBuildFile; fileRef = FC692AD629D960680047D3E2 /* LocationAssembly.swift */; };
		FC692AD929D9618B0047D3E2 /* LocationCoordinator.swift in Sources */ = {isa = PBXBuildFile; fileRef = FC692AD829D9618B0047D3E2 /* LocationCoordinator.swift */; };
		FC692ADB29D964000047D3E2 /* RegistrationApiClient.swift in Sources */ = {isa = PBXBuildFile; fileRef = FC692ADA29D964000047D3E2 /* RegistrationApiClient.swift */; };
		FC692ADD29D96E650047D3E2 /* CharactersList.swift in Sources */ = {isa = PBXBuildFile; fileRef = FC692ADC29D96E650047D3E2 /* CharactersList.swift */; };
		FC692AE229D96ED10047D3E2 /* CharacterDataProvider.swift in Sources */ = {isa = PBXBuildFile; fileRef = FC692AE129D96ED10047D3E2 /* CharacterDataProvider.swift */; };
		FC692AE429D970050047D3E2 /* CharacterApiClient.swift in Sources */ = {isa = PBXBuildFile; fileRef = FC692AE329D970050047D3E2 /* CharacterApiClient.swift */; };
		FC692AE629D973FC0047D3E2 /* CharacterViewController.swift in Sources */ = {isa = PBXBuildFile; fileRef = FC692AE529D973FC0047D3E2 /* CharacterViewController.swift */; };
		FC692AE829D974E80047D3E2 /* CharacterAssembly.swift in Sources */ = {isa = PBXBuildFile; fileRef = FC692AE729D974E80047D3E2 /* CharacterAssembly.swift */; };
		FC692AEA29D975670047D3E2 /* CharacterCoordinator.swift in Sources */ = {isa = PBXBuildFile; fileRef = FC692AE929D975670047D3E2 /* CharacterCoordinator.swift */; };
		FC0E794829D7078D00293D66 /* AuthViewImp.xib in Resources */ = {isa = PBXBuildFile; fileRef = FC0E794729D7078D00293D66 /* AuthViewImp.xib */; };
		FC58616429D718CB009177B5 /* BaseViewController.swift in Sources */ = {isa = PBXBuildFile; fileRef = FC58616329D718CB009177B5 /* BaseViewController.swift */; };
		FC58616629D71EF1009177B5 /* CustomButton.swift in Sources */ = {isa = PBXBuildFile; fileRef = FC58616529D71EF1009177B5 /* CustomButton.swift */; };
		FCA10F1129C1AA0F000241C4 /* Player.swift in Sources */ = {isa = PBXBuildFile; fileRef = FCA10F1029C1AA0F000241C4 /* Player.swift */; };
		FCA10F1329C1AB46000241C4 /* Health.swift in Sources */ = {isa = PBXBuildFile; fileRef = FCA10F1229C1AB46000241C4 /* Health.swift */; };
		FCA10F1529C1BC55000241C4 /* Damage.swift in Sources */ = {isa = PBXBuildFile; fileRef = FCA10F1429C1BC55000241C4 /* Damage.swift */; };
		FCA10F1729C1D16B000241C4 /* Monster.swift in Sources */ = {isa = PBXBuildFile; fileRef = FCA10F1629C1D16B000241C4 /* Monster.swift */; };
		FCA10F1B29C490DC000241C4 /* ColorGenerator.swift in Sources */ = {isa = PBXBuildFile; fileRef = FCA10F1A29C490DC000241C4 /* ColorGenerator.swift */; };
		FCA10F1D29C4A62A000241C4 /* Assembly.swift in Sources */ = {isa = PBXBuildFile; fileRef = FCA10F1C29C4A62A000241C4 /* Assembly.swift */; };
		FCA10F1F29C5F701000241C4 /* Creature.swift in Sources */ = {isa = PBXBuildFile; fileRef = FCA10F1E29C5F701000241C4 /* Creature.swift */; };
		FCA10F2129C8908C000241C4 /* BaseCoordinator.swift in Sources */ = {isa = PBXBuildFile; fileRef = FCA10F2029C8908C000241C4 /* BaseCoordinator.swift */; };
		FCA10F2329C890D4000241C4 /* Assembly.swift in Sources */ = {isa = PBXBuildFile; fileRef = FCA10F2229C890D4000241C4 /* Assembly.swift */; };
		FCA10F2529C89182000241C4 /* AppCoordinator.swift in Sources */ = {isa = PBXBuildFile; fileRef = FCA10F2429C89182000241C4 /* AppCoordinator.swift */; };
		FCA10F2829C897B5000241C4 /* AuthDataProvider.swift in Sources */ = {isa = PBXBuildFile; fileRef = FCA10F2729C897B5000241C4 /* AuthDataProvider.swift */; };
		FCA10F2A29C8983A000241C4 /* AuthViewController.swift in Sources */ = {isa = PBXBuildFile; fileRef = FCA10F2929C8983A000241C4 /* AuthViewController.swift */; };
		FCA10F2C29C89904000241C4 /* AuthAssembly.swift in Sources */ = {isa = PBXBuildFile; fileRef = FCA10F2B29C89904000241C4 /* AuthAssembly.swift */; };
		FCA10F2E29C89A2D000241C4 /* AuthCoordinator.swift in Sources */ = {isa = PBXBuildFile; fileRef = FCA10F2D29C89A2D000241C4 /* AuthCoordinator.swift */; };
		FCA10F3029C89C45000241C4 /* AuthView.swift in Sources */ = {isa = PBXBuildFile; fileRef = FCA10F2F29C89C45000241C4 /* AuthView.swift */; };
		FCA10F3229C89CA7000241C4 /* AuthViewData.swift in Sources */ = {isa = PBXBuildFile; fileRef = FCA10F3129C89CA7000241C4 /* AuthViewData.swift */; };
		FCA10F3529C89E69000241C4 /* SplashViewController.swift in Sources */ = {isa = PBXBuildFile; fileRef = FCA10F3429C89E69000241C4 /* SplashViewController.swift */; };
		FCA10F3729C89EB5000241C4 /* SplashDataProvider.swift in Sources */ = {isa = PBXBuildFile; fileRef = FCA10F3629C89EB5000241C4 /* SplashDataProvider.swift */; };
		FCA10F3929C89F0D000241C4 /* SplashAssembly.swift in Sources */ = {isa = PBXBuildFile; fileRef = FCA10F3829C89F0D000241C4 /* SplashAssembly.swift */; };
		FCA10F3B29C8A023000241C4 /* SplashCoordinator.swift in Sources */ = {isa = PBXBuildFile; fileRef = FCA10F3A29C8A023000241C4 /* SplashCoordinator.swift */; };
		FCA10F3E29D08029000241C4 /* RegistrationDataProvider.swift in Sources */ = {isa = PBXBuildFile; fileRef = FCA10F3D29D08029000241C4 /* RegistrationDataProvider.swift */; };
		FCA10F4029D08052000241C4 /* RegistrationViewController.swift in Sources */ = {isa = PBXBuildFile; fileRef = FCA10F3F29D08052000241C4 /* RegistrationViewController.swift */; };
		FCA10F4229D080AA000241C4 /* RegistrationAssembly.swift in Sources */ = {isa = PBXBuildFile; fileRef = FCA10F4129D080AA000241C4 /* RegistrationAssembly.swift */; };
		FCA10F4429D08116000241C4 /* RegistrationCoordinator.swift in Sources */ = {isa = PBXBuildFile; fileRef = FCA10F4329D08116000241C4 /* RegistrationCoordinator.swift */; };
		FCA10F4629D0814A000241C4 /* RegistrtationView.swift in Sources */ = {isa = PBXBuildFile; fileRef = FCA10F4529D0814A000241C4 /* RegistrtationView.swift */; };
		FCA10F4829D08171000241C4 /* RegistrationViewData.swift in Sources */ = {isa = PBXBuildFile; fileRef = FCA10F4729D08171000241C4 /* RegistrationViewData.swift */; };
		FCA10F4C29D1BFBF000241C4 /* Location.swift in Sources */ = {isa = PBXBuildFile; fileRef = FCA10F4B29D1BFBF000241C4 /* Location.swift */; };
		FCA10F4E29D1C300000241C4 /* TokenResponse.swift in Sources */ = {isa = PBXBuildFile; fileRef = FCA10F4D29D1C300000241C4 /* TokenResponse.swift */; };
		FCA10F5129D1C500000241C4 /* ApiClient.swift in Sources */ = {isa = PBXBuildFile; fileRef = FCA10F5029D1C500000241C4 /* ApiClient.swift */; };
		FCA10F5329D1C583000241C4 /* NetworkConstants.swift in Sources */ = {isa = PBXBuildFile; fileRef = FCA10F5229D1C583000241C4 /* NetworkConstants.swift */; };
		FCA10F5529D1CC32000241C4 /* AuthApiClient.swift in Sources */ = {isa = PBXBuildFile; fileRef = FCA10F5429D1CC32000241C4 /* AuthApiClient.swift */; };
		FCA10F5729D1D3A2000241C4 /* ApiError.swift in Sources */ = {isa = PBXBuildFile; fileRef = FCA10F5629D1D3A2000241C4 /* ApiError.swift */; };
		FCFA83E829BF4D8B008D712C /* AppDelegate.swift in Sources */ = {isa = PBXBuildFile; fileRef = FCFA83E729BF4D8B008D712C /* AppDelegate.swift */; };
		FCFA83EA29BF4D8B008D712C /* SceneDelegate.swift in Sources */ = {isa = PBXBuildFile; fileRef = FCFA83E929BF4D8B008D712C /* SceneDelegate.swift */; };
		FCFA83EC29BF4D8B008D712C /* ViewController.swift in Sources */ = {isa = PBXBuildFile; fileRef = FCFA83EB29BF4D8B008D712C /* ViewController.swift */; };
		FCFA83F129BF4D8C008D712C /* Assets.xcassets in Resources */ = {isa = PBXBuildFile; fileRef = FCFA83F029BF4D8C008D712C /* Assets.xcassets */; };
		FCFA83F429BF4D8C008D712C /* LaunchScreen.storyboard in Resources */ = {isa = PBXBuildFile; fileRef = FCFA83F229BF4D8C008D712C /* LaunchScreen.storyboard */; };
/* End PBXBuildFile section */

/* Begin PBXFileReference section */
		FC0E794229D6EBB200293D66 /* LocationDataProvider.swift */ = {isa = PBXFileReference; lastKnownFileType = sourcecode.swift; path = LocationDataProvider.swift; sourceTree = "<group>"; };
		FC0E794429D6EC8400293D66 /* Character.swift */ = {isa = PBXFileReference; lastKnownFileType = sourcecode.swift; path = Character.swift; sourceTree = "<group>"; };
		FC692AD029D95AEA0047D3E2 /* LocationsList.swift */ = {isa = PBXFileReference; lastKnownFileType = sourcecode.swift; path = LocationsList.swift; sourceTree = "<group>"; };
		FC692AD229D95C200047D3E2 /* LocationApiClient.swift */ = {isa = PBXFileReference; lastKnownFileType = sourcecode.swift; path = LocationApiClient.swift; sourceTree = "<group>"; };
		FC692AD429D95FE80047D3E2 /* LocationViewController.swift */ = {isa = PBXFileReference; lastKnownFileType = sourcecode.swift; path = LocationViewController.swift; sourceTree = "<group>"; };
		FC692AD629D960680047D3E2 /* LocationAssembly.swift */ = {isa = PBXFileReference; lastKnownFileType = sourcecode.swift; path = LocationAssembly.swift; sourceTree = "<group>"; };
		FC692AD829D9618B0047D3E2 /* LocationCoordinator.swift */ = {isa = PBXFileReference; lastKnownFileType = sourcecode.swift; path = LocationCoordinator.swift; sourceTree = "<group>"; };
		FC692ADA29D964000047D3E2 /* RegistrationApiClient.swift */ = {isa = PBXFileReference; lastKnownFileType = sourcecode.swift; path = RegistrationApiClient.swift; sourceTree = "<group>"; };
		FC692ADC29D96E650047D3E2 /* CharactersList.swift */ = {isa = PBXFileReference; lastKnownFileType = sourcecode.swift; path = CharactersList.swift; sourceTree = "<group>"; };
		FC692AE129D96ED10047D3E2 /* CharacterDataProvider.swift */ = {isa = PBXFileReference; lastKnownFileType = sourcecode.swift; path = CharacterDataProvider.swift; sourceTree = "<group>"; };
		FC692AE329D970050047D3E2 /* CharacterApiClient.swift */ = {isa = PBXFileReference; lastKnownFileType = sourcecode.swift; path = CharacterApiClient.swift; sourceTree = "<group>"; };
		FC692AE529D973FC0047D3E2 /* CharacterViewController.swift */ = {isa = PBXFileReference; lastKnownFileType = sourcecode.swift; path = CharacterViewController.swift; sourceTree = "<group>"; };
		FC692AE729D974E80047D3E2 /* CharacterAssembly.swift */ = {isa = PBXFileReference; lastKnownFileType = sourcecode.swift; path = CharacterAssembly.swift; sourceTree = "<group>"; };
		FC692AE929D975670047D3E2 /* CharacterCoordinator.swift */ = {isa = PBXFileReference; lastKnownFileType = sourcecode.swift; path = CharacterCoordinator.swift; sourceTree = "<group>"; };
		FC0E794729D7078D00293D66 /* AuthViewImp.xib */ = {isa = PBXFileReference; lastKnownFileType = file.xib; path = AuthViewImp.xib; sourceTree = "<group>"; };
		FC58616329D718CB009177B5 /* BaseViewController.swift */ = {isa = PBXFileReference; lastKnownFileType = sourcecode.swift; path = BaseViewController.swift; sourceTree = "<group>"; };
		FC58616529D71EF1009177B5 /* CustomButton.swift */ = {isa = PBXFileReference; lastKnownFileType = sourcecode.swift; path = CustomButton.swift; sourceTree = "<group>"; };
		FCA10F1029C1AA0F000241C4 /* Player.swift */ = {isa = PBXFileReference; lastKnownFileType = sourcecode.swift; path = Player.swift; sourceTree = "<group>"; };
		FCA10F1229C1AB46000241C4 /* Health.swift */ = {isa = PBXFileReference; lastKnownFileType = sourcecode.swift; path = Health.swift; sourceTree = "<group>"; };
		FCA10F1429C1BC55000241C4 /* Damage.swift */ = {isa = PBXFileReference; lastKnownFileType = sourcecode.swift; path = Damage.swift; sourceTree = "<group>"; };
		FCA10F1629C1D16B000241C4 /* Monster.swift */ = {isa = PBXFileReference; lastKnownFileType = sourcecode.swift; path = Monster.swift; sourceTree = "<group>"; };
		FCA10F1A29C490DC000241C4 /* ColorGenerator.swift */ = {isa = PBXFileReference; lastKnownFileType = sourcecode.swift; path = ColorGenerator.swift; sourceTree = "<group>"; };
		FCA10F1C29C4A62A000241C4 /* Assembly.swift */ = {isa = PBXFileReference; lastKnownFileType = sourcecode.swift; path = Assembly.swift; sourceTree = "<group>"; };
		FCA10F1E29C5F701000241C4 /* Creature.swift */ = {isa = PBXFileReference; lastKnownFileType = sourcecode.swift; path = Creature.swift; sourceTree = "<group>"; };
		FCA10F2029C8908C000241C4 /* BaseCoordinator.swift */ = {isa = PBXFileReference; lastKnownFileType = sourcecode.swift; path = BaseCoordinator.swift; sourceTree = "<group>"; };
		FCA10F2229C890D4000241C4 /* Assembly.swift */ = {isa = PBXFileReference; lastKnownFileType = sourcecode.swift; path = Assembly.swift; sourceTree = "<group>"; };
		FCA10F2429C89182000241C4 /* AppCoordinator.swift */ = {isa = PBXFileReference; lastKnownFileType = sourcecode.swift; path = AppCoordinator.swift; sourceTree = "<group>"; };
		FCA10F2729C897B5000241C4 /* AuthDataProvider.swift */ = {isa = PBXFileReference; lastKnownFileType = sourcecode.swift; path = AuthDataProvider.swift; sourceTree = "<group>"; };
		FCA10F2929C8983A000241C4 /* AuthViewController.swift */ = {isa = PBXFileReference; lastKnownFileType = sourcecode.swift; path = AuthViewController.swift; sourceTree = "<group>"; };
		FCA10F2B29C89904000241C4 /* AuthAssembly.swift */ = {isa = PBXFileReference; lastKnownFileType = sourcecode.swift; path = AuthAssembly.swift; sourceTree = "<group>"; };
		FCA10F2D29C89A2D000241C4 /* AuthCoordinator.swift */ = {isa = PBXFileReference; lastKnownFileType = sourcecode.swift; path = AuthCoordinator.swift; sourceTree = "<group>"; };
		FCA10F2F29C89C45000241C4 /* AuthView.swift */ = {isa = PBXFileReference; lastKnownFileType = sourcecode.swift; path = AuthView.swift; sourceTree = "<group>"; };
		FCA10F3129C89CA7000241C4 /* AuthViewData.swift */ = {isa = PBXFileReference; lastKnownFileType = sourcecode.swift; path = AuthViewData.swift; sourceTree = "<group>"; };
		FCA10F3429C89E69000241C4 /* SplashViewController.swift */ = {isa = PBXFileReference; lastKnownFileType = sourcecode.swift; path = SplashViewController.swift; sourceTree = "<group>"; };
		FCA10F3629C89EB5000241C4 /* SplashDataProvider.swift */ = {isa = PBXFileReference; lastKnownFileType = sourcecode.swift; path = SplashDataProvider.swift; sourceTree = "<group>"; };
		FCA10F3829C89F0D000241C4 /* SplashAssembly.swift */ = {isa = PBXFileReference; lastKnownFileType = sourcecode.swift; path = SplashAssembly.swift; sourceTree = "<group>"; };
		FCA10F3A29C8A023000241C4 /* SplashCoordinator.swift */ = {isa = PBXFileReference; lastKnownFileType = sourcecode.swift; path = SplashCoordinator.swift; sourceTree = "<group>"; };
		FCA10F3D29D08029000241C4 /* RegistrationDataProvider.swift */ = {isa = PBXFileReference; lastKnownFileType = sourcecode.swift; path = RegistrationDataProvider.swift; sourceTree = "<group>"; };
		FCA10F3F29D08052000241C4 /* RegistrationViewController.swift */ = {isa = PBXFileReference; lastKnownFileType = sourcecode.swift; path = RegistrationViewController.swift; sourceTree = "<group>"; };
		FCA10F4129D080AA000241C4 /* RegistrationAssembly.swift */ = {isa = PBXFileReference; lastKnownFileType = sourcecode.swift; path = RegistrationAssembly.swift; sourceTree = "<group>"; };
		FCA10F4329D08116000241C4 /* RegistrationCoordinator.swift */ = {isa = PBXFileReference; lastKnownFileType = sourcecode.swift; path = RegistrationCoordinator.swift; sourceTree = "<group>"; };
		FCA10F4529D0814A000241C4 /* RegistrtationView.swift */ = {isa = PBXFileReference; lastKnownFileType = sourcecode.swift; path = RegistrtationView.swift; sourceTree = "<group>"; };
		FCA10F4729D08171000241C4 /* RegistrationViewData.swift */ = {isa = PBXFileReference; lastKnownFileType = sourcecode.swift; path = RegistrationViewData.swift; sourceTree = "<group>"; };
		FCA10F4B29D1BFBF000241C4 /* Location.swift */ = {isa = PBXFileReference; lastKnownFileType = sourcecode.swift; path = Location.swift; sourceTree = "<group>"; };
		FCA10F4D29D1C300000241C4 /* TokenResponse.swift */ = {isa = PBXFileReference; lastKnownFileType = sourcecode.swift; path = TokenResponse.swift; sourceTree = "<group>"; };
		FCA10F5029D1C500000241C4 /* ApiClient.swift */ = {isa = PBXFileReference; lastKnownFileType = sourcecode.swift; path = ApiClient.swift; sourceTree = "<group>"; };
		FCA10F5229D1C583000241C4 /* NetworkConstants.swift */ = {isa = PBXFileReference; lastKnownFileType = sourcecode.swift; path = NetworkConstants.swift; sourceTree = "<group>"; };
		FCA10F5429D1CC32000241C4 /* AuthApiClient.swift */ = {isa = PBXFileReference; lastKnownFileType = sourcecode.swift; path = AuthApiClient.swift; sourceTree = "<group>"; };
		FCA10F5629D1D3A2000241C4 /* ApiError.swift */ = {isa = PBXFileReference; lastKnownFileType = sourcecode.swift; path = ApiError.swift; sourceTree = "<group>"; };
		FCFA83E429BF4D8B008D712C /* iosSchool.app */ = {isa = PBXFileReference; explicitFileType = wrapper.application; includeInIndex = 0; path = iosSchool.app; sourceTree = BUILT_PRODUCTS_DIR; };
		FCFA83E729BF4D8B008D712C /* AppDelegate.swift */ = {isa = PBXFileReference; lastKnownFileType = sourcecode.swift; path = AppDelegate.swift; sourceTree = "<group>"; };
		FCFA83E929BF4D8B008D712C /* SceneDelegate.swift */ = {isa = PBXFileReference; lastKnownFileType = sourcecode.swift; path = SceneDelegate.swift; sourceTree = "<group>"; };
		FCFA83EB29BF4D8B008D712C /* ViewController.swift */ = {isa = PBXFileReference; lastKnownFileType = sourcecode.swift; path = ViewController.swift; sourceTree = "<group>"; };
		FCFA83F029BF4D8C008D712C /* Assets.xcassets */ = {isa = PBXFileReference; lastKnownFileType = folder.assetcatalog; path = Assets.xcassets; sourceTree = "<group>"; };
		FCFA83F329BF4D8C008D712C /* Base */ = {isa = PBXFileReference; lastKnownFileType = file.storyboard; name = Base; path = Base.lproj/LaunchScreen.storyboard; sourceTree = "<group>"; };
		FCFA83F529BF4D8C008D712C /* Info.plist */ = {isa = PBXFileReference; lastKnownFileType = text.plist.xml; path = Info.plist; sourceTree = "<group>"; };
/* End PBXFileReference section */

/* Begin PBXFrameworksBuildPhase section */
		FCFA83E129BF4D8B008D712C /* Frameworks */ = {
			isa = PBXFrameworksBuildPhase;
			buildActionMask = 2147483647;
			files = (
			);
			runOnlyForDeploymentPostprocessing = 0;
		};
/* End PBXFrameworksBuildPhase section */

/* Begin PBXGroup section */
		FC0E794129D6EB7E00293D66 /* Location */ = {
			isa = PBXGroup;
			children = (
				FC0E794229D6EBB200293D66 /* LocationDataProvider.swift */,
				FC692AD429D95FE80047D3E2 /* LocationViewController.swift */,
				FC692AD629D960680047D3E2 /* LocationAssembly.swift */,
				FC692AD829D9618B0047D3E2 /* LocationCoordinator.swift */,
			);
			path = Location;
			sourceTree = "<group>";
		};
		FC692AE029D96EC00047D3E2 /* Character */ = {
			isa = PBXGroup;
			children = (
				FC692AE129D96ED10047D3E2 /* CharacterDataProvider.swift */,
				FC692AE529D973FC0047D3E2 /* CharacterViewController.swift */,
				FC692AE729D974E80047D3E2 /* CharacterAssembly.swift */,
				FC692AE929D975670047D3E2 /* CharacterCoordinator.swift */,
			);
			path = Character;
	    sourceTree = "<group>";
		};
		FC0E794629D7075600293D66 /* Subviews */ = {
			isa = PBXGroup;
			children = (
				FC0E794729D7078D00293D66 /* AuthViewImp.xib */,
			);
			path = Subviews;
			sourceTree = "<group>";
		};
		FC58616229D718A8009177B5 /* Common */ = {
			isa = PBXGroup;
			children = (
				FCA10F2029C8908C000241C4 /* BaseCoordinator.swift */,
				FC58616329D718CB009177B5 /* BaseViewController.swift */,
			);
			path = Common;
			sourceTree = "<group>";
		};
		FCA10F2629C89792000241C4 /* Auth */ = {
			isa = PBXGroup;
			children = (
				FC0E794629D7075600293D66 /* Subviews */,
				FCA10F2729C897B5000241C4 /* AuthDataProvider.swift */,
				FCA10F2929C8983A000241C4 /* AuthViewController.swift */,
				FCA10F2B29C89904000241C4 /* AuthAssembly.swift */,
				FCA10F2D29C89A2D000241C4 /* AuthCoordinator.swift */,
				FCA10F2F29C89C45000241C4 /* AuthView.swift */,
				FCA10F3129C89CA7000241C4 /* AuthViewData.swift */,
			);
			path = Auth;
			sourceTree = "<group>";
		};
		FCA10F3329C89E4A000241C4 /* Splash */ = {
			isa = PBXGroup;
			children = (
				FCA10F3429C89E69000241C4 /* SplashViewController.swift */,
				FCA10F3629C89EB5000241C4 /* SplashDataProvider.swift */,
				FCA10F3829C89F0D000241C4 /* SplashAssembly.swift */,
				FCA10F3A29C8A023000241C4 /* SplashCoordinator.swift */,
			);
			path = Splash;
			sourceTree = "<group>";
		};
		FCA10F3C29D08010000241C4 /* Registration */ = {
			isa = PBXGroup;
			children = (
				FCA10F3D29D08029000241C4 /* RegistrationDataProvider.swift */,
				FCA10F3F29D08052000241C4 /* RegistrationViewController.swift */,
				FCA10F4129D080AA000241C4 /* RegistrationAssembly.swift */,
				FCA10F4329D08116000241C4 /* RegistrationCoordinator.swift */,
				FCA10F4529D0814A000241C4 /* RegistrtationView.swift */,
				FCA10F4729D08171000241C4 /* RegistrationViewData.swift */,
			);
			path = Registration;
			sourceTree = "<group>";
		};
		FCA10F4929D1BE9A000241C4 /* Responses */ = {
			isa = PBXGroup;
			children = (
				FCA10F4A29D1BEB7000241C4 /* Models */,
			);
			path = Responses;
			sourceTree = "<group>";
		};
		FCA10F4A29D1BEB7000241C4 /* Models */ = {
			isa = PBXGroup;
			children = (
				FCA10F4B29D1BFBF000241C4 /* Location.swift */,
				FCA10F4D29D1C300000241C4 /* TokenResponse.swift */,
				FC0E794429D6EC8400293D66 /* Character.swift */,
				FC692AD029D95AEA0047D3E2 /* LocationsList.swift */,
				FC692ADC29D96E650047D3E2 /* CharactersList.swift */,
			);
			path = Models;
			sourceTree = "<group>";
		};
		FCA10F4F29D1C4ED000241C4 /* ApiClient */ = {
			isa = PBXGroup;
			children = (
				FCA10F5029D1C500000241C4 /* ApiClient.swift */,
				FCA10F5229D1C583000241C4 /* NetworkConstants.swift */,
				FCA10F5429D1CC32000241C4 /* AuthApiClient.swift */,
				FCA10F5629D1D3A2000241C4 /* ApiError.swift */,
				FC692AD229D95C200047D3E2 /* LocationApiClient.swift */,
				FC692ADA29D964000047D3E2 /* RegistrationApiClient.swift */,
				FC692AE329D970050047D3E2 /* CharacterApiClient.swift */,
			);
			path = ApiClient;
			sourceTree = "<group>";
		};
		FCFA83DB29BF4D8B008D712C = {
			isa = PBXGroup;
			children = (
				FCFA83E629BF4D8B008D712C /* iosSchool */,
				FCFA83E529BF4D8B008D712C /* Products */,
			);
			sourceTree = "<group>";
		};
		FCFA83E529BF4D8B008D712C /* Products */ = {
			isa = PBXGroup;
			children = (
				FCFA83E429BF4D8B008D712C /* iosSchool.app */,
			);
			name = Products;
			sourceTree = "<group>";
		};
		FCFA83E629BF4D8B008D712C /* iosSchool */ = {
			isa = PBXGroup;
			children = (
				FC692AE029D96EC00047D3E2 /* Character */,
				FC0E794129D6EB7E00293D66 /* Location */,
				FC58616229D718A8009177B5 /* Common */,
				FCA10F3C29D08010000241C4 /* Registration */,
				FCA10F4F29D1C4ED000241C4 /* ApiClient */,
				FCA10F4929D1BE9A000241C4 /* Responses */,
				FCA10F3329C89E4A000241C4 /* Splash */,
				FCA10F2629C89792000241C4 /* Auth */,
				FCFA83E729BF4D8B008D712C /* AppDelegate.swift */,
				FCFA83E929BF4D8B008D712C /* SceneDelegate.swift */,
				FCFA83EB29BF4D8B008D712C /* ViewController.swift */,
				FCFA83F029BF4D8C008D712C /* Assets.xcassets */,
				FCFA83F229BF4D8C008D712C /* LaunchScreen.storyboard */,
				FCFA83F529BF4D8C008D712C /* Info.plist */,
				FCA10F1029C1AA0F000241C4 /* Player.swift */,
				FCA10F1229C1AB46000241C4 /* Health.swift */,
				FCA10F1429C1BC55000241C4 /* Damage.swift */,
				FCA10F1629C1D16B000241C4 /* Monster.swift */,
				FCA10F1A29C490DC000241C4 /* ColorGenerator.swift */,
				FCA10F1C29C4A62A000241C4 /* Assembly.swift */,
				FCA10F1E29C5F701000241C4 /* Creature.swift */,
				FCA10F2029C8908C000241C4 /* BaseCoordinator.swift */,
				FCA10F2229C890D4000241C4 /* Assembly.swift */,
				FCA10F2429C89182000241C4 /* AppCoordinator.swift */,
				FC58616529D71EF1009177B5 /* CustomButton.swift */,
			);
			path = iosSchool;
			sourceTree = "<group>";
		};
/* End PBXGroup section */

/* Begin PBXNativeTarget section */
		FCFA83E329BF4D8B008D712C /* iosSchool */ = {
			isa = PBXNativeTarget;
			buildConfigurationList = FCFA83F829BF4D8C008D712C /* Build configuration list for PBXNativeTarget "iosSchool" */;
			buildPhases = (
				FCFA83E029BF4D8B008D712C /* Sources */,
				FCFA83E129BF4D8B008D712C /* Frameworks */,
				FCFA83E229BF4D8B008D712C /* Resources */,
				FCFA83FD29BF628C008D712C /* ShellScript */,
			);
			buildRules = (
			);
			dependencies = (
			);
			name = iosSchool;
			productName = iosSchool;
			productReference = FCFA83E429BF4D8B008D712C /* iosSchool.app */;
			productType = "com.apple.product-type.application";
		};
/* End PBXNativeTarget section */

/* Begin PBXProject section */
		FCFA83DC29BF4D8B008D712C /* Project object */ = {
			isa = PBXProject;
			attributes = {
				BuildIndependentTargetsInParallel = 1;
				LastSwiftUpdateCheck = 1420;
				LastUpgradeCheck = 1420;
				TargetAttributes = {
					FCFA83E329BF4D8B008D712C = {
						CreatedOnToolsVersion = 14.2;
					};
				};
			};
			buildConfigurationList = FCFA83DF29BF4D8B008D712C /* Build configuration list for PBXProject "iosSchool" */;
			compatibilityVersion = "Xcode 14.0";
			developmentRegion = en;
			hasScannedForEncodings = 0;
			knownRegions = (
				en,
				Base,
			);
			mainGroup = FCFA83DB29BF4D8B008D712C;
			productRefGroup = FCFA83E529BF4D8B008D712C /* Products */;
			projectDirPath = "";
			projectRoot = "";
			targets = (
				FCFA83E329BF4D8B008D712C /* iosSchool */,
			);
		};
/* End PBXProject section */

/* Begin PBXResourcesBuildPhase section */
		FCFA83E229BF4D8B008D712C /* Resources */ = {
			isa = PBXResourcesBuildPhase;
			buildActionMask = 2147483647;
			files = (
				FCFA83F429BF4D8C008D712C /* LaunchScreen.storyboard in Resources */,
				FCFA83F129BF4D8C008D712C /* Assets.xcassets in Resources */,
				FC0E794829D7078D00293D66 /* AuthViewImp.xib in Resources */,
			);
			runOnlyForDeploymentPostprocessing = 0;
		};
/* End PBXResourcesBuildPhase section */

/* Begin PBXShellScriptBuildPhase section */
		FCFA83FD29BF628C008D712C /* ShellScript */ = {
			isa = PBXShellScriptBuildPhase;
			alwaysOutOfDate = 1;
			buildActionMask = 2147483647;
			files = (
			);
			inputFileListPaths = (
			);
			inputPaths = (
			);
			outputFileListPaths = (
			);
			outputPaths = (
			);
			runOnlyForDeploymentPostprocessing = 0;
			shellPath = /bin/sh;
			shellScript = "export PATH=\"$PATH:/opt/homebrew/bin\"\nif which swiftlint > /dev/null; then\n    swiftlint\nelse\n    echo \"warning: SwiftLint not installed\"\nfi\n";
		};
/* End PBXShellScriptBuildPhase section */

/* Begin PBXSourcesBuildPhase section */
		FCFA83E029BF4D8B008D712C /* Sources */ = {
			isa = PBXSourcesBuildPhase;
			buildActionMask = 2147483647;
			files = (
				FCA10F1129C1AA0F000241C4 /* Player.swift in Sources */,
				FCFA83EC29BF4D8B008D712C /* ViewController.swift in Sources */,
				FC692AEA29D975670047D3E2 /* CharacterCoordinator.swift in Sources */,
				FCA10F1529C1BC55000241C4 /* Damage.swift in Sources */,
				FCFA83E829BF4D8B008D712C /* AppDelegate.swift in Sources */,
				FC58616629D71EF1009177B5 /* CustomButton.swift in Sources */,
				FCA10F1D29C4A62A000241C4 /* Assembly.swift in Sources */,
				FC692AD929D9618B0047D3E2 /* LocationCoordinator.swift in Sources */,
				FCA10F1329C1AB46000241C4 /* Health.swift in Sources */,
				FCA10F1B29C490DC000241C4 /* ColorGenerator.swift in Sources */,
				FC0E794529D6EC8400293D66 /* Character.swift in Sources */,
				FC692AE829D974E80047D3E2 /* CharacterAssembly.swift in Sources */,
				FCFA83EA29BF4D8B008D712C /* SceneDelegate.swift in Sources */,
				FCA10F1F29C5F701000241C4 /* Creature.swift in Sources */,
				FC692AD729D960680047D3E2 /* LocationAssembly.swift in Sources */,
				FCA10F1729C1D16B000241C4 /* Monster.swift in Sources */,
				FC692AD529D95FE80047D3E2 /* LocationViewController.swift in Sources */,
				FCA10F5329D1C583000241C4 /* NetworkConstants.swift in Sources */,
				FCA10F2829C897B5000241C4 /* AuthDataProvider.swift in Sources */,
				FC692AE429D970050047D3E2 /* CharacterApiClient.swift in Sources */,
				FCA10F3E29D08029000241C4 /* RegistrationDataProvider.swift in Sources */,
				FCA10F2129C8908C000241C4 /* BaseCoordinator.swift in Sources */,
				FCA10F5529D1CC32000241C4 /* AuthApiClient.swift in Sources */,
				FCA10F3029C89C45000241C4 /* AuthView.swift in Sources */,
				FCA10F5729D1D3A2000241C4 /* ApiError.swift in Sources */,
				FCA10F2329C890D4000241C4 /* Assembly.swift in Sources */,
				FCA10F4C29D1BFBF000241C4 /* Location.swift in Sources */,
				FCFA83EC29BF4D8B008D712C /* ViewController.swift in Sources */,
				FC692AE229D96ED10047D3E2 /* CharacterDataProvider.swift in Sources */,
				FC0E794329D6EBB200293D66 /* LocationDataProvider.swift in Sources */,
				FCA10F4029D08052000241C4 /* RegistrationViewController.swift in Sources */,
				FCA10F3529C89E69000241C4 /* SplashViewController.swift in Sources */,
				FCA10F4E29D1C300000241C4 /* TokenResponse.swift in Sources */,
				FCFA83E829BF4D8B008D712C /* AppDelegate.swift in Sources */,
				FCA10F2E29C89A2D000241C4 /* AuthCoordinator.swift in Sources */,
				FCFA83EA29BF4D8B008D712C /* SceneDelegate.swift in Sources */,
				FC692AD329D95C200047D3E2 /* LocationApiClient.swift in Sources */,
				FC692ADB29D964000047D3E2 /* RegistrationApiClient.swift in Sources */,
				FC58616429D718CB009177B5 /* BaseViewController.swift in Sources */,
				FCA10F3929C89F0D000241C4 /* SplashAssembly.swift in Sources */,
				FC692AE629D973FC0047D3E2 /* CharacterViewController.swift in Sources */,
				FC692ADD29D96E650047D3E2 /* CharactersList.swift in Sources */,
				FCA10F2A29C8983A000241C4 /* AuthViewController.swift in Sources */,
				FCA10F4229D080AA000241C4 /* RegistrationAssembly.swift in Sources */,
				FCA10F4829D08171000241C4 /* RegistrationViewData.swift in Sources */,
				FCA10F4429D08116000241C4 /* RegistrationCoordinator.swift in Sources */,
				FCA10F3229C89CA7000241C4 /* AuthViewData.swift in Sources */,
				FCA10F4629D0814A000241C4 /* RegistrtationView.swift in Sources */,
				FCA10F3B29C8A023000241C4 /* SplashCoordinator.swift in Sources */,
				FC692AD129D95AEA0047D3E2 /* LocationsList.swift in Sources */,
				FCA10F2529C89182000241C4 /* AppCoordinator.swift in Sources */,
				FCA10F2C29C89904000241C4 /* AuthAssembly.swift in Sources */,
				FCA10F3729C89EB5000241C4 /* SplashDataProvider.swift in Sources */,
				FCA10F5129D1C500000241C4 /* ApiClient.swift in Sources */,
			);
			runOnlyForDeploymentPostprocessing = 0;
		};
/* End PBXSourcesBuildPhase section */

/* Begin PBXVariantGroup section */
		FCFA83F229BF4D8C008D712C /* LaunchScreen.storyboard */ = {
			isa = PBXVariantGroup;
			children = (
				FCFA83F329BF4D8C008D712C /* Base */,
			);
			name = LaunchScreen.storyboard;
			sourceTree = "<group>";
		};
/* End PBXVariantGroup section */

/* Begin XCBuildConfiguration section */
		FCFA83F629BF4D8C008D712C /* Debug */ = {
			isa = XCBuildConfiguration;
			buildSettings = {
				ALWAYS_SEARCH_USER_PATHS = NO;
				CLANG_ANALYZER_NONNULL = YES;
				CLANG_ANALYZER_NUMBER_OBJECT_CONVERSION = YES_AGGRESSIVE;
				CLANG_CXX_LANGUAGE_STANDARD = "gnu++20";
				CLANG_ENABLE_MODULES = YES;
				CLANG_ENABLE_OBJC_ARC = YES;
				CLANG_ENABLE_OBJC_WEAK = YES;
				CLANG_WARN_BLOCK_CAPTURE_AUTORELEASING = YES;
				CLANG_WARN_BOOL_CONVERSION = YES;
				CLANG_WARN_COMMA = YES;
				CLANG_WARN_CONSTANT_CONVERSION = YES;
				CLANG_WARN_DEPRECATED_OBJC_IMPLEMENTATIONS = YES;
				CLANG_WARN_DIRECT_OBJC_ISA_USAGE = YES_ERROR;
				CLANG_WARN_DOCUMENTATION_COMMENTS = YES;
				CLANG_WARN_EMPTY_BODY = YES;
				CLANG_WARN_ENUM_CONVERSION = YES;
				CLANG_WARN_INFINITE_RECURSION = YES;
				CLANG_WARN_INT_CONVERSION = YES;
				CLANG_WARN_NON_LITERAL_NULL_CONVERSION = YES;
				CLANG_WARN_OBJC_IMPLICIT_RETAIN_SELF = YES;
				CLANG_WARN_OBJC_LITERAL_CONVERSION = YES;
				CLANG_WARN_OBJC_ROOT_CLASS = YES_ERROR;
				CLANG_WARN_QUOTED_INCLUDE_IN_FRAMEWORK_HEADER = YES;
				CLANG_WARN_RANGE_LOOP_ANALYSIS = YES;
				CLANG_WARN_STRICT_PROTOTYPES = YES;
				CLANG_WARN_SUSPICIOUS_MOVE = YES;
				CLANG_WARN_UNGUARDED_AVAILABILITY = YES_AGGRESSIVE;
				CLANG_WARN_UNREACHABLE_CODE = YES;
				CLANG_WARN__DUPLICATE_METHOD_MATCH = YES;
				COPY_PHASE_STRIP = NO;
				DEBUG_INFORMATION_FORMAT = dwarf;
				ENABLE_STRICT_OBJC_MSGSEND = YES;
				ENABLE_TESTABILITY = YES;
				GCC_C_LANGUAGE_STANDARD = gnu11;
				GCC_DYNAMIC_NO_PIC = NO;
				GCC_NO_COMMON_BLOCKS = YES;
				GCC_OPTIMIZATION_LEVEL = 0;
				GCC_PREPROCESSOR_DEFINITIONS = (
					"DEBUG=1",
					"$(inherited)",
				);
				GCC_WARN_64_TO_32_BIT_CONVERSION = YES;
				GCC_WARN_ABOUT_RETURN_TYPE = YES_ERROR;
				GCC_WARN_UNDECLARED_SELECTOR = YES;
				GCC_WARN_UNINITIALIZED_AUTOS = YES_AGGRESSIVE;
				GCC_WARN_UNUSED_FUNCTION = YES;
				GCC_WARN_UNUSED_VARIABLE = YES;
				IPHONEOS_DEPLOYMENT_TARGET = 16.2;
				MTL_ENABLE_DEBUG_INFO = INCLUDE_SOURCE;
				MTL_FAST_MATH = YES;
				ONLY_ACTIVE_ARCH = YES;
				SDKROOT = iphoneos;
				SWIFT_ACTIVE_COMPILATION_CONDITIONS = DEBUG;
				SWIFT_OPTIMIZATION_LEVEL = "-Onone";
			};
			name = Debug;
		};
		FCFA83F729BF4D8C008D712C /* Release */ = {
			isa = XCBuildConfiguration;
			buildSettings = {
				ALWAYS_SEARCH_USER_PATHS = NO;
				CLANG_ANALYZER_NONNULL = YES;
				CLANG_ANALYZER_NUMBER_OBJECT_CONVERSION = YES_AGGRESSIVE;
				CLANG_CXX_LANGUAGE_STANDARD = "gnu++20";
				CLANG_ENABLE_MODULES = YES;
				CLANG_ENABLE_OBJC_ARC = YES;
				CLANG_ENABLE_OBJC_WEAK = YES;
				CLANG_WARN_BLOCK_CAPTURE_AUTORELEASING = YES;
				CLANG_WARN_BOOL_CONVERSION = YES;
				CLANG_WARN_COMMA = YES;
				CLANG_WARN_CONSTANT_CONVERSION = YES;
				CLANG_WARN_DEPRECATED_OBJC_IMPLEMENTATIONS = YES;
				CLANG_WARN_DIRECT_OBJC_ISA_USAGE = YES_ERROR;
				CLANG_WARN_DOCUMENTATION_COMMENTS = YES;
				CLANG_WARN_EMPTY_BODY = YES;
				CLANG_WARN_ENUM_CONVERSION = YES;
				CLANG_WARN_INFINITE_RECURSION = YES;
				CLANG_WARN_INT_CONVERSION = YES;
				CLANG_WARN_NON_LITERAL_NULL_CONVERSION = YES;
				CLANG_WARN_OBJC_IMPLICIT_RETAIN_SELF = YES;
				CLANG_WARN_OBJC_LITERAL_CONVERSION = YES;
				CLANG_WARN_OBJC_ROOT_CLASS = YES_ERROR;
				CLANG_WARN_QUOTED_INCLUDE_IN_FRAMEWORK_HEADER = YES;
				CLANG_WARN_RANGE_LOOP_ANALYSIS = YES;
				CLANG_WARN_STRICT_PROTOTYPES = YES;
				CLANG_WARN_SUSPICIOUS_MOVE = YES;
				CLANG_WARN_UNGUARDED_AVAILABILITY = YES_AGGRESSIVE;
				CLANG_WARN_UNREACHABLE_CODE = YES;
				CLANG_WARN__DUPLICATE_METHOD_MATCH = YES;
				COPY_PHASE_STRIP = NO;
				DEBUG_INFORMATION_FORMAT = "dwarf-with-dsym";
				ENABLE_NS_ASSERTIONS = NO;
				ENABLE_STRICT_OBJC_MSGSEND = YES;
				GCC_C_LANGUAGE_STANDARD = gnu11;
				GCC_NO_COMMON_BLOCKS = YES;
				GCC_WARN_64_TO_32_BIT_CONVERSION = YES;
				GCC_WARN_ABOUT_RETURN_TYPE = YES_ERROR;
				GCC_WARN_UNDECLARED_SELECTOR = YES;
				GCC_WARN_UNINITIALIZED_AUTOS = YES_AGGRESSIVE;
				GCC_WARN_UNUSED_FUNCTION = YES;
				GCC_WARN_UNUSED_VARIABLE = YES;
				IPHONEOS_DEPLOYMENT_TARGET = 16.2;
				MTL_ENABLE_DEBUG_INFO = NO;
				MTL_FAST_MATH = YES;
				SDKROOT = iphoneos;
				SWIFT_COMPILATION_MODE = wholemodule;
				SWIFT_OPTIMIZATION_LEVEL = "-O";
				VALIDATE_PRODUCT = YES;
			};
			name = Release;
		};
		FCFA83F929BF4D8C008D712C /* Debug */ = {
			isa = XCBuildConfiguration;
			buildSettings = {
				ASSETCATALOG_COMPILER_APPICON_NAME = AppIcon;
				ASSETCATALOG_COMPILER_GLOBAL_ACCENT_COLOR_NAME = AccentColor;
				CODE_SIGN_STYLE = Automatic;
				CURRENT_PROJECT_VERSION = 1;
				GENERATE_INFOPLIST_FILE = YES;
				INFOPLIST_FILE = iosSchool/Info.plist;
				INFOPLIST_KEY_UIApplicationSupportsIndirectInputEvents = YES;
				INFOPLIST_KEY_UILaunchStoryboardName = LaunchScreen;
				INFOPLIST_KEY_UISupportedInterfaceOrientations_iPad = "UIInterfaceOrientationPortrait UIInterfaceOrientationPortraitUpsideDown UIInterfaceOrientationLandscapeLeft UIInterfaceOrientationLandscapeRight";
				INFOPLIST_KEY_UISupportedInterfaceOrientations_iPhone = "UIInterfaceOrientationPortrait UIInterfaceOrientationLandscapeLeft UIInterfaceOrientationLandscapeRight";
				LD_RUNPATH_SEARCH_PATHS = (
					"$(inherited)",
					"@executable_path/Frameworks",
				);
				MARKETING_VERSION = 1.0;
				PRODUCT_BUNDLE_IDENTIFIER = zyubina.iosSchool;
				PRODUCT_NAME = "$(TARGET_NAME)";
				SWIFT_EMIT_LOC_STRINGS = YES;
				SWIFT_VERSION = 5.0;
				TARGETED_DEVICE_FAMILY = "1,2";
			};
			name = Debug;
		};
		FCFA83FA29BF4D8C008D712C /* Release */ = {
			isa = XCBuildConfiguration;
			buildSettings = {
				ASSETCATALOG_COMPILER_APPICON_NAME = AppIcon;
				ASSETCATALOG_COMPILER_GLOBAL_ACCENT_COLOR_NAME = AccentColor;
				CODE_SIGN_STYLE = Automatic;
				CURRENT_PROJECT_VERSION = 1;
				GENERATE_INFOPLIST_FILE = YES;
				INFOPLIST_FILE = iosSchool/Info.plist;
				INFOPLIST_KEY_UIApplicationSupportsIndirectInputEvents = YES;
				INFOPLIST_KEY_UILaunchStoryboardName = LaunchScreen;
				INFOPLIST_KEY_UISupportedInterfaceOrientations_iPad = "UIInterfaceOrientationPortrait UIInterfaceOrientationPortraitUpsideDown UIInterfaceOrientationLandscapeLeft UIInterfaceOrientationLandscapeRight";
				INFOPLIST_KEY_UISupportedInterfaceOrientations_iPhone = "UIInterfaceOrientationPortrait UIInterfaceOrientationLandscapeLeft UIInterfaceOrientationLandscapeRight";
				LD_RUNPATH_SEARCH_PATHS = (
					"$(inherited)",
					"@executable_path/Frameworks",
				);
				MARKETING_VERSION = 1.0;
				PRODUCT_BUNDLE_IDENTIFIER = zyubina.iosSchool;
				PRODUCT_NAME = "$(TARGET_NAME)";
				SWIFT_EMIT_LOC_STRINGS = YES;
				SWIFT_VERSION = 5.0;
				TARGETED_DEVICE_FAMILY = "1,2";
			};
			name = Release;
		};
/* End XCBuildConfiguration section */

/* Begin XCConfigurationList section */
		FCFA83DF29BF4D8B008D712C /* Build configuration list for PBXProject "iosSchool" */ = {
			isa = XCConfigurationList;
			buildConfigurations = (
				FCFA83F629BF4D8C008D712C /* Debug */,
				FCFA83F729BF4D8C008D712C /* Release */,
			);
			defaultConfigurationIsVisible = 0;
			defaultConfigurationName = Release;
		};
		FCFA83F829BF4D8C008D712C /* Build configuration list for PBXNativeTarget "iosSchool" */ = {
			isa = XCConfigurationList;
			buildConfigurations = (
				FCFA83F929BF4D8C008D712C /* Debug */,
				FCFA83FA29BF4D8C008D712C /* Release */,
			);
			defaultConfigurationIsVisible = 0;
			defaultConfigurationName = Release;
		};
/* End XCConfigurationList section */
	};
	rootObject = FCFA83DC29BF4D8B008D712C /* Project object */;
}
